
Microsoft Visual Studio Solution File, Format Version 11.00
# Visual Studio 2010
Project("{FAE04EC0-301F-11D3-BF4B-00C04F79EFBC}") = "Deck", "Deck\Deck.csproj", "{93E7B22F-2590-4487-A14E-902B05A502B7}"
EndProject
Global
	GlobalSection(SolutionConfigurationPlatforms) = preSolution
		Debug|Any CPU = Debug|Any CPU
		Release|Any CPU = Release|Any CPU
	EndGlobalSection
	GlobalSection(ProjectConfigurationPlatforms) = postSolution
		{93E7B22F-2590-4487-A14E-902B05A502B7}.Debug|Any CPU.ActiveCfg = Debug|Any CPU
		{93E7B22F-2590-4487-A14E-902B05A502B7}.Debug|Any CPU.Build.0 = Debug|Any CPU
		{93E7B22F-2590-4487-A14E-902B05A502B7}.Release|Any CPU.ActiveCfg = Release|Any CPU
		{93E7B22F-2590-4487-A14E-902B05A502B7}.Release|Any CPU.Build.0 = Release|Any CPU
	EndGlobalSection
	GlobalSection(MonoDevelopProperties) = preSolution
		StartupItem = Deck\Deck.csproj
	EndGlobalSection
EndGlobal
